# THIS IS AN AUTOGENERATED FILE. DO NOT EDIT THIS FILE DIRECTLY.
# yarn lockfile v1


universal-route-defs@^2.0.2:
  version "2.0.2"
  resolved "https://registry.yarnpkg.com/universal-route-defs/-/universal-route-defs-2.0.2.tgz#600304838f13fb8c9564001e8498f5358634836d"
  integrity sha512-uJWJWsdNRKFeJBcWawWzWZQQqIETzX71eO95xJeyeHE2Ll61PQzExn06FlBhZbrY0CKrwmhDs751/roOA/y/Pg==
